Microsoft Visual Studio Solution File, Format Version 12.00
# Visual Studio Version 17
VisualStudioVersion = 17.5.2.0
MinimumVisualStudioVersion = 10.0.40219.1
Project("{FAE04EC0-301F-11D3-BF4B-00C04F79EFBC}") = "EazyBuild", "EazyBuild.csproj", "{7CE19D59-A365-C166-F7B5-365441EE21E3}"
EndProject
Global
	GlobalSection(SolutionConfigurationPlatforms) = preSolution
		Debug|Any CPU = Debug|Any CPU
		Release|Any CPU = Release|Any CPU
	EndGlobalSection
	GlobalSection(ProjectConfigurationPlatforms) = postSolution
		{7CE19D59-A365-C166-F7B5-365441EE21E3}.Debug|Any CPU.ActiveCfg = Debug|Any CPU
		{7CE19D59-A365-C166-F7B5-365441EE21E3}.Debug|Any CPU.Build.0 = Debug|Any CPU
		{7CE19D59-A365-C166-F7B5-365441EE21E3}.Release|Any CPU.ActiveCfg = Release|Any CPU
		{7CE19D59-A365-C166-F7B5-365441EE21E3}.Release|Any CPU.Build.0 = Release|Any CPU
	EndGlobalSection
	GlobalSection(SolutionProperties) = preSolution
		HideSolutionNode = FALSE
	EndGlobalSection
	GlobalSection(ExtensibilityGlobals) = postSolution
		SolutionGuid = {242E0830-AA22-4603-87E3-FF363F4FB93B}
	EndGlobalSection
EndGlobal
